
Microsoft Visual Studio Solution File, Format Version 12.00
# Visual Studio Version 17
VisualStudioVersion = 17.7.34031.279
MinimumVisualStudioVersion = 10.0.40219.1
Project("{FAE04EC0-301F-11D3-BF4B-00C04F79EFBC}") = "FinalAPP", "FinalAPP\FinalAPP.csproj", "{9AAC2016-1EE4-49B2-A41C-C60DB3E62EA0}"
EndProject
Global
	GlobalSection(SolutionConfigurationPlatforms) = preSolution
		Debug|Any CPU = Debug|Any CPU
		Release|Any CPU = Release|Any CPU
	EndGlobalSection
	GlobalSection(ProjectConfigurationPlatforms) = postSolution
		{9AAC2016-1EE4-49B2-A41C-C60DB3E62EA0}.Debug|Any CPU.ActiveCfg = Debug|Any CPU
		{9AAC2016-1EE4-49B2-A41C-C60DB3E62EA0}.Debug|Any CPU.Build.0 = Debug|Any CPU
		{9AAC2016-1EE4-49B2-A41C-C60DB3E62EA0}.Debug|Any CPU.Deploy.0 = Debug|Any CPU
		{9AAC2016-1EE4-49B2-A41C-C60DB3E62EA0}.Release|Any CPU.ActiveCfg = Release|Any CPU
		{9AAC2016-1EE4-49B2-A41C-C60DB3E62EA0}.Release|Any CPU.Build.0 = Release|Any CPU
		{9AAC2016-1EE4-49B2-A41C-C60DB3E62EA0}.Release|Any CPU.Deploy.0 = Release|Any CPU
	EndGlobalSection
	GlobalSection(SolutionProperties) = preSolution
		HideSolutionNode = FALSE
	EndGlobalSection
	GlobalSection(ExtensibilityGlobals) = postSolution
		SolutionGuid = {CD71189B-6886-4B53-B6AA-9F16A914A8F0}
	EndGlobalSection
EndGlobal
